
Microsoft Visual Studio Solution File, Format Version 12.00
# Visual Studio Version 16
VisualStudioVersion = 16.0.30907.101
MinimumVisualStudioVersion = 10.0.40219.1
Project("{FAE04EC0-301F-11D3-BF4B-00C04F79EFBC}") = "UDP_1", "UDP_1\UDP_1.csproj", "{FE61EEC7-9CB9-4C2C-90A3-B88B0E7B5A06}"
EndProject
Global
	GlobalSection(SolutionConfigurationPlatforms) = preSolution
		Debug|Any CPU = Debug|Any CPU
		Release|Any CPU = Release|Any CPU
	EndGlobalSection
	GlobalSection(ProjectConfigurationPlatforms) = postSolution
		{FE61EEC7-9CB9-4C2C-90A3-B88B0E7B5A06}.Debug|Any CPU.ActiveCfg = Debug|Any CPU
		{FE61EEC7-9CB9-4C2C-90A3-B88B0E7B5A06}.Debug|Any CPU.Build.0 = Debug|Any CPU
		{FE61EEC7-9CB9-4C2C-90A3-B88B0E7B5A06}.Release|Any CPU.ActiveCfg = Release|Any CPU
		{FE61EEC7-9CB9-4C2C-90A3-B88B0E7B5A06}.Release|Any CPU.Build.0 = Release|Any CPU
	EndGlobalSection
	GlobalSection(SolutionProperties) = preSolution
		HideSolutionNode = FALSE
	EndGlobalSection
	GlobalSection(ExtensibilityGlobals) = postSolution
		SolutionGuid = {67560FBE-1824-4773-9C2F-AB1763FE0F9A}
	EndGlobalSection
EndGlobal
